
Microsoft Visual Studio Solution File, Format Version 12.00
# Visual Studio Version 17
VisualStudioVersion = 17.8.34309.116
MinimumVisualStudioVersion = 10.0.40219.1
Project("{9A19103F-16F7-4668-BE54-9A1E7A4F7556}") = "PowerStartDDD.DomainModelBuildingBlocks.ValueObjects", "PowerStartDDD.DomainModelBuildingBlocks.ValueObjects\PowerStartDDD.DomainModelBuildingBlocks.ValueObjects.csproj", "{40DF9C4D-C9A4-4942-8BCC-223E034083D7}"
EndProject
Project("{FAE04EC0-301F-11D3-BF4B-00C04F79EFBC}") = "PowerStartDDD.DomainModelBuildingBlocks.Entities", "PowerStartDDD.DomainModelBuildingBlocks.Entities\PowerStartDDD.DomainModelBuildingBlocks.Entities.csproj", "{2C27FF37-3871-4304-9C87-D2E367A6A38B}"
EndProject
Project("{FAE04EC0-301F-11D3-BF4B-00C04F79EFBC}") = "PowerStartDDD.DomainModelBuildingBlocks.Aggregates", "PowerStartDDD.DomainModelBuildingBlocks.Aggregates\PowerStartDDD.DomainModelBuildingBlocks.Aggregates.csproj", "{E94E5426-03C3-40AA-BF2D-318F998FC247}"
EndProject
Global
	GlobalSection(SolutionConfigurationPlatforms) = preSolution
		Debug|Any CPU = Debug|Any CPU
		Release|Any CPU = Release|Any CPU
	EndGlobalSection
	GlobalSection(ProjectConfigurationPlatforms) = postSolution
		{40DF9C4D-C9A4-4942-8BCC-223E034083D7}.Debug|Any CPU.ActiveCfg = Debug|Any CPU
		{40DF9C4D-C9A4-4942-8BCC-223E034083D7}.Debug|Any CPU.Build.0 = Debug|Any CPU
		{40DF9C4D-C9A4-4942-8BCC-223E034083D7}.Release|Any CPU.ActiveCfg = Release|Any CPU
		{40DF9C4D-C9A4-4942-8BCC-223E034083D7}.Release|Any CPU.Build.0 = Release|Any CPU
		{2C27FF37-3871-4304-9C87-D2E367A6A38B}.Debug|Any CPU.ActiveCfg = Debug|Any CPU
		{2C27FF37-3871-4304-9C87-D2E367A6A38B}.Debug|Any CPU.Build.0 = Debug|Any CPU
		{2C27FF37-3871-4304-9C87-D2E367A6A38B}.Release|Any CPU.ActiveCfg = Release|Any CPU
		{2C27FF37-3871-4304-9C87-D2E367A6A38B}.Release|Any CPU.Build.0 = Release|Any CPU
		{E94E5426-03C3-40AA-BF2D-318F998FC247}.Debug|Any CPU.ActiveCfg = Debug|Any CPU
		{E94E5426-03C3-40AA-BF2D-318F998FC247}.Debug|Any CPU.Build.0 = Debug|Any CPU
		{E94E5426-03C3-40AA-BF2D-318F998FC247}.Release|Any CPU.ActiveCfg = Release|Any CPU
		{E94E5426-03C3-40AA-BF2D-318F998FC247}.Release|Any CPU.Build.0 = Release|Any CPU
	EndGlobalSection
	GlobalSection(SolutionProperties) = preSolution
		HideSolutionNode = FALSE
	EndGlobalSection
	GlobalSection(ExtensibilityGlobals) = postSolution
		SolutionGuid = {1787C760-9199-48AA-9EE4-EA75CFAFF321}
	EndGlobalSection
EndGlobal
