
Microsoft Visual Studio Solution File, Format Version 12.00
# Visual Studio Version 17
VisualStudioVersion = 17.8.34330.188
MinimumVisualStudioVersion = 10.0.40219.1
Project("{2150E333-8FDC-42A3-9474-1A3956D46DE8}") = "src", "src", "{2F162C02-1352-432E-813C-3B16E133016A}"
EndProject
Project("{2150E333-8FDC-42A3-9474-1A3956D46DE8}") = "tests", "tests", "{C188A259-3E4C-4E60-B630-E9DB6CBDCF16}"
EndProject
Project("{2150E333-8FDC-42A3-9474-1A3956D46DE8}") = "sample", "sample", "{6BA10150-444F-4360-84EA-3FDBE3C21964}"
EndProject
Project("{2150E333-8FDC-42A3-9474-1A3956D46DE8}") = "1.Utilities", "1.Utilities", "{E21AF7DA-7577-4445-9AD6-C783B9F64188}"
EndProject
Project("{2150E333-8FDC-42A3-9474-1A3956D46DE8}") = "2.Core", "2.Core", "{43FA32D1-E7EF-421A-906D-13FEBDBEA886}"
EndProject
Project("{2150E333-8FDC-42A3-9474-1A3956D46DE8}") = "3.Infra", "3.Infra", "{159B4306-0C39-4DB1-A393-F073316329A2}"
EndProject
Project("{2150E333-8FDC-42A3-9474-1A3956D46DE8}") = "4.EndPoints", "4.EndPoints", "{372D87F1-F8CE-4810-900D-136E46A09A60}"
EndProject
Project("{FAE04EC0-301F-11D3-BF4B-00C04F79EFBC}") = "DDDZamin.Utilities", "src\1.Utilities\DDDZamin.Utilities\DDDZamin.Utilities.csproj", "{6F0C7FDB-A4B2-405D-B03D-FEFA9F5456CC}"
EndProject
Project("{FAE04EC0-301F-11D3-BF4B-00C04F79EFBC}") = "DddZamin.Core.Domain", "src\2.Core\DddZamin.Core.Domain\DddZamin.Core.Domain.csproj", "{EA7AF8D6-CE5D-437C-ADD5-D95EF9F67210}"
EndProject
Project("{FAE04EC0-301F-11D3-BF4B-00C04F79EFBC}") = "DddZamin.Core.ApplicationServices", "src\2.Core\DddZamin.Core.ApplicationServices\DddZamin.Core.ApplicationServices.csproj", "{7C33DC66-6C47-46A6-BACA-72EE989C8D09}"
EndProject
Project("{FAE04EC0-301F-11D3-BF4B-00C04F79EFBC}") = "DddZamin.Core.Contracts", "src\2.Core\DddZamin.Core.Contracts\DddZamin.Core.Contracts.csproj", "{A1381E88-0661-4251-89EF-9972811F2926}"
EndProject
Project("{FAE04EC0-301F-11D3-BF4B-00C04F79EFBC}") = "DddZamin.Core.RequestResponse", "src\2.Core\DddZamin.Core.RequestResponse\DddZamin.Core.RequestResponse.csproj", "{CDCF962F-7568-4A3E-9BCA-301929E43018}"
EndProject
Project("{2150E333-8FDC-42A3-9474-1A3956D46DE8}") = "Data", "Data", "{851274D2-DCDD-4C63-8051-F8F1EEDABDFF}"
EndProject
Project("{FAE04EC0-301F-11D3-BF4B-00C04F79EFBC}") = "DddZamin.Infra.Data.Sql.Commands", "src\3.Infra\Data\DddZamin.Infra.Data.Sql.Commands\DddZamin.Infra.Data.Sql.Commands.csproj", "{4ADAF75A-A9F6-4429-8E36-94DC86CA050B}"
EndProject
Project("{FAE04EC0-301F-11D3-BF4B-00C04F79EFBC}") = "DddZamin.Infra.Data.Sql.Queries", "src\3.Infra\Data\DddZamin.Infra.Data.Sql.Queries\DddZamin.Infra.Data.Sql.Queries.csproj", "{E90142C8-2301-4C88-B2EF-E74C1698E715}"
EndProject
Project("{FAE04EC0-301F-11D3-BF4B-00C04F79EFBC}") = "DddZamin.Infra.Data.Sql", "src\3.Infra\Data\DddZamin.Infra.Data.Sql\DddZamin.Infra.Data.Sql.csproj", "{BD5BA5AA-5D2D-4F41-A304-1F2E39BAE8CA}"
EndProject
Project("{FAE04EC0-301F-11D3-BF4B-00C04F79EFBC}") = "DddZamin.EndPoints.Web", "src\4.EndPoints\DddZamin.EndPoints.Web\DddZamin.EndPoints.Web.csproj", "{B7F326E3-73BF-42FA-B83B-B3772AFB63E5}"
EndProject
Project("{2150E333-8FDC-42A3-9474-1A3956D46DE8}") = "1.Core", "1.Core", "{A1BCEEFC-912C-4B24-BC92-E37E122E0C43}"
EndProject
Project("{2150E333-8FDC-42A3-9474-1A3956D46DE8}") = "2.Infra", "2.Infra", "{F3003906-6CA4-4E99-A809-A40FEADF461D}"
EndProject
Project("{2150E333-8FDC-42A3-9474-1A3956D46DE8}") = "3.Endpoint", "3.Endpoint", "{AFB0D017-9B67-4101-80A3-AC9D307FB94B}"
EndProject
Project("{FAE04EC0-301F-11D3-BF4B-00C04F79EFBC}") = "MiniBlog.Core.Domain", "sample\1.Core\MiniBlog.Core.Domain\MiniBlog.Core.Domain.csproj", "{CB229163-9100-447E-BE74-92008129DB70}"
EndProject
Project("{FAE04EC0-301F-11D3-BF4B-00C04F79EFBC}") = "MiniBlog.Core.RequestResponse", "sample\1.Core\MiniBlog.Core.RequestResponse\MiniBlog.Core.RequestResponse.csproj", "{8350D1A9-932E-46AE-ABA1-34EB35B99F9C}"
EndProject
Project("{FAE04EC0-301F-11D3-BF4B-00C04F79EFBC}") = "MiniBlog.Core.Contracts", "sample\1.Core\MiniBlog.Core.Contracts\MiniBlog.Core.Contracts.csproj", "{91F0B313-48CB-480E-8B99-A75BB818C460}"
EndProject
Project("{FAE04EC0-301F-11D3-BF4B-00C04F79EFBC}") = "MiniBlog.Core.ApplicationService", "sample\1.Core\MiniBlog.Core.ApplicationService\MiniBlog.Core.ApplicationService.csproj", "{15293EF3-01EE-418F-B290-A60DC1056056}"
EndProject
Project("{2150E333-8FDC-42A3-9474-1A3956D46DE8}") = "Data", "Data", "{635C3B89-1094-4F5F-99AB-280060E87395}"
EndProject
Project("{FAE04EC0-301F-11D3-BF4B-00C04F79EFBC}") = "MiniBlog.Infra.Data.Sql.Commands", "sample\2.Infra\Data\MiniBlog.Infra.Data.Sql.Commands\MiniBlog.Infra.Data.Sql.Commands.csproj", "{4576342F-75DA-4740-8571-CA2A7DD38179}"
EndProject
Project("{FAE04EC0-301F-11D3-BF4B-00C04F79EFBC}") = "MiniBlog.Infra.Data.Sql.Queries", "sample\2.Infra\Data\MiniBlog.Infra.Data.Sql.Queries\MiniBlog.Infra.Data.Sql.Queries.csproj", "{CF9E4862-7178-490A-9BC9-9F5D4E5BAF23}"
EndProject
Project("{FAE04EC0-301F-11D3-BF4B-00C04F79EFBC}") = "MiniBlog.Endpoints.API", "sample\3.Endpoints\MiniBlog.Endpoints.API\MiniBlog.Endpoints.API.csproj", "{FF3F0455-6067-4E30-91E2-52552BD1F353}"
EndProject
Global
	GlobalSection(SolutionConfigurationPlatforms) = preSolution
		Debug|Any CPU = Debug|Any CPU
		Release|Any CPU = Release|Any CPU
	EndGlobalSection
	GlobalSection(ProjectConfigurationPlatforms) = postSolution
		{6F0C7FDB-A4B2-405D-B03D-FEFA9F5456CC}.Debug|Any CPU.ActiveCfg = Debug|Any CPU
		{6F0C7FDB-A4B2-405D-B03D-FEFA9F5456CC}.Debug|Any CPU.Build.0 = Debug|Any CPU
		{6F0C7FDB-A4B2-405D-B03D-FEFA9F5456CC}.Release|Any CPU.ActiveCfg = Release|Any CPU
		{6F0C7FDB-A4B2-405D-B03D-FEFA9F5456CC}.Release|Any CPU.Build.0 = Release|Any CPU
		{EA7AF8D6-CE5D-437C-ADD5-D95EF9F67210}.Debug|Any CPU.ActiveCfg = Debug|Any CPU
		{EA7AF8D6-CE5D-437C-ADD5-D95EF9F67210}.Debug|Any CPU.Build.0 = Debug|Any CPU
		{EA7AF8D6-CE5D-437C-ADD5-D95EF9F67210}.Release|Any CPU.ActiveCfg = Release|Any CPU
		{EA7AF8D6-CE5D-437C-ADD5-D95EF9F67210}.Release|Any CPU.Build.0 = Release|Any CPU
		{7C33DC66-6C47-46A6-BACA-72EE989C8D09}.Debug|Any CPU.ActiveCfg = Debug|Any CPU
		{7C33DC66-6C47-46A6-BACA-72EE989C8D09}.Debug|Any CPU.Build.0 = Debug|Any CPU
		{7C33DC66-6C47-46A6-BACA-72EE989C8D09}.Release|Any CPU.ActiveCfg = Release|Any CPU
		{7C33DC66-6C47-46A6-BACA-72EE989C8D09}.Release|Any CPU.Build.0 = Release|Any CPU
		{A1381E88-0661-4251-89EF-9972811F2926}.Debug|Any CPU.ActiveCfg = Debug|Any CPU
		{A1381E88-0661-4251-89EF-9972811F2926}.Debug|Any CPU.Build.0 = Debug|Any CPU
		{A1381E88-0661-4251-89EF-9972811F2926}.Release|Any CPU.ActiveCfg = Release|Any CPU
		{A1381E88-0661-4251-89EF-9972811F2926}.Release|Any CPU.Build.0 = Release|Any CPU
		{CDCF962F-7568-4A3E-9BCA-301929E43018}.Debug|Any CPU.ActiveCfg = Debug|Any CPU
		{CDCF962F-7568-4A3E-9BCA-301929E43018}.Debug|Any CPU.Build.0 = Debug|Any CPU
		{CDCF962F-7568-4A3E-9BCA-301929E43018}.Release|Any CPU.ActiveCfg = Release|Any CPU
		{CDCF962F-7568-4A3E-9BCA-301929E43018}.Release|Any CPU.Build.0 = Release|Any CPU
		{4ADAF75A-A9F6-4429-8E36-94DC86CA050B}.Debug|Any CPU.ActiveCfg = Debug|Any CPU
		{4ADAF75A-A9F6-4429-8E36-94DC86CA050B}.Debug|Any CPU.Build.0 = Debug|Any CPU
		{4ADAF75A-A9F6-4429-8E36-94DC86CA050B}.Release|Any CPU.ActiveCfg = Release|Any CPU
		{4ADAF75A-A9F6-4429-8E36-94DC86CA050B}.Release|Any CPU.Build.0 = Release|Any CPU
		{E90142C8-2301-4C88-B2EF-E74C1698E715}.Debug|Any CPU.ActiveCfg = Debug|Any CPU
		{E90142C8-2301-4C88-B2EF-E74C1698E715}.Debug|Any CPU.Build.0 = Debug|Any CPU
		{E90142C8-2301-4C88-B2EF-E74C1698E715}.Release|Any CPU.ActiveCfg = Release|Any CPU
		{E90142C8-2301-4C88-B2EF-E74C1698E715}.Release|Any CPU.Build.0 = Release|Any CPU
		{BD5BA5AA-5D2D-4F41-A304-1F2E39BAE8CA}.Debug|Any CPU.ActiveCfg = Debug|Any CPU
		{BD5BA5AA-5D2D-4F41-A304-1F2E39BAE8CA}.Debug|Any CPU.Build.0 = Debug|Any CPU
		{BD5BA5AA-5D2D-4F41-A304-1F2E39BAE8CA}.Release|Any CPU.ActiveCfg = Release|Any CPU
		{BD5BA5AA-5D2D-4F41-A304-1F2E39BAE8CA}.Release|Any CPU.Build.0 = Release|Any CPU
		{B7F326E3-73BF-42FA-B83B-B3772AFB63E5}.Debug|Any CPU.ActiveCfg = Debug|Any CPU
		{B7F326E3-73BF-42FA-B83B-B3772AFB63E5}.Debug|Any CPU.Build.0 = Debug|Any CPU
		{B7F326E3-73BF-42FA-B83B-B3772AFB63E5}.Release|Any CPU.ActiveCfg = Release|Any CPU
		{B7F326E3-73BF-42FA-B83B-B3772AFB63E5}.Release|Any CPU.Build.0 = Release|Any CPU
		{CB229163-9100-447E-BE74-92008129DB70}.Debug|Any CPU.ActiveCfg = Debug|Any CPU
		{CB229163-9100-447E-BE74-92008129DB70}.Debug|Any CPU.Build.0 = Debug|Any CPU
		{CB229163-9100-447E-BE74-92008129DB70}.Release|Any CPU.ActiveCfg = Release|Any CPU
		{CB229163-9100-447E-BE74-92008129DB70}.Release|Any CPU.Build.0 = Release|Any CPU
		{8350D1A9-932E-46AE-ABA1-34EB35B99F9C}.Debug|Any CPU.ActiveCfg = Debug|Any CPU
		{8350D1A9-932E-46AE-ABA1-34EB35B99F9C}.Debug|Any CPU.Build.0 = Debug|Any CPU
		{8350D1A9-932E-46AE-ABA1-34EB35B99F9C}.Release|Any CPU.ActiveCfg = Release|Any CPU
		{8350D1A9-932E-46AE-ABA1-34EB35B99F9C}.Release|Any CPU.Build.0 = Release|Any CPU
		{91F0B313-48CB-480E-8B99-A75BB818C460}.Debug|Any CPU.ActiveCfg = Debug|Any CPU
		{91F0B313-48CB-480E-8B99-A75BB818C460}.Debug|Any CPU.Build.0 = Debug|Any CPU
		{91F0B313-48CB-480E-8B99-A75BB818C460}.Release|Any CPU.ActiveCfg = Release|Any CPU
		{91F0B313-48CB-480E-8B99-A75BB818C460}.Release|Any CPU.Build.0 = Release|Any CPU
		{15293EF3-01EE-418F-B290-A60DC1056056}.Debug|Any CPU.ActiveCfg = Debug|Any CPU
		{15293EF3-01EE-418F-B290-A60DC1056056}.Debug|Any CPU.Build.0 = Debug|Any CPU
		{15293EF3-01EE-418F-B290-A60DC1056056}.Release|Any CPU.ActiveCfg = Release|Any CPU
		{15293EF3-01EE-418F-B290-A60DC1056056}.Release|Any CPU.Build.0 = Release|Any CPU
		{4576342F-75DA-4740-8571-CA2A7DD38179}.Debug|Any CPU.ActiveCfg = Debug|Any CPU
		{4576342F-75DA-4740-8571-CA2A7DD38179}.Debug|Any CPU.Build.0 = Debug|Any CPU
		{4576342F-75DA-4740-8571-CA2A7DD38179}.Release|Any CPU.ActiveCfg = Release|Any CPU
		{4576342F-75DA-4740-8571-CA2A7DD38179}.Release|Any CPU.Build.0 = Release|Any CPU
		{CF9E4862-7178-490A-9BC9-9F5D4E5BAF23}.Debug|Any CPU.ActiveCfg = Debug|Any CPU
		{CF9E4862-7178-490A-9BC9-9F5D4E5BAF23}.Debug|Any CPU.Build.0 = Debug|Any CPU
		{CF9E4862-7178-490A-9BC9-9F5D4E5BAF23}.Release|Any CPU.ActiveCfg = Release|Any CPU
		{CF9E4862-7178-490A-9BC9-9F5D4E5BAF23}.Release|Any CPU.Build.0 = Release|Any CPU
		{FF3F0455-6067-4E30-91E2-52552BD1F353}.Debug|Any CPU.ActiveCfg = Debug|Any CPU
		{FF3F0455-6067-4E30-91E2-52552BD1F353}.Debug|Any CPU.Build.0 = Debug|Any CPU
		{FF3F0455-6067-4E30-91E2-52552BD1F353}.Release|Any CPU.ActiveCfg = Release|Any CPU
		{FF3F0455-6067-4E30-91E2-52552BD1F353}.Release|Any CPU.Build.0 = Release|Any CPU
	EndGlobalSection
	GlobalSection(SolutionProperties) = preSolution
		HideSolutionNode = FALSE
	EndGlobalSection
	GlobalSection(NestedProjects) = preSolution
		{E21AF7DA-7577-4445-9AD6-C783B9F64188} = {2F162C02-1352-432E-813C-3B16E133016A}
		{43FA32D1-E7EF-421A-906D-13FEBDBEA886} = {2F162C02-1352-432E-813C-3B16E133016A}
		{159B4306-0C39-4DB1-A393-F073316329A2} = {2F162C02-1352-432E-813C-3B16E133016A}
		{372D87F1-F8CE-4810-900D-136E46A09A60} = {2F162C02-1352-432E-813C-3B16E133016A}
		{6F0C7FDB-A4B2-405D-B03D-FEFA9F5456CC} = {E21AF7DA-7577-4445-9AD6-C783B9F64188}
		{EA7AF8D6-CE5D-437C-ADD5-D95EF9F67210} = {43FA32D1-E7EF-421A-906D-13FEBDBEA886}
		{7C33DC66-6C47-46A6-BACA-72EE989C8D09} = {43FA32D1-E7EF-421A-906D-13FEBDBEA886}
		{A1381E88-0661-4251-89EF-9972811F2926} = {43FA32D1-E7EF-421A-906D-13FEBDBEA886}
		{CDCF962F-7568-4A3E-9BCA-301929E43018} = {43FA32D1-E7EF-421A-906D-13FEBDBEA886}
		{851274D2-DCDD-4C63-8051-F8F1EEDABDFF} = {159B4306-0C39-4DB1-A393-F073316329A2}
		{4ADAF75A-A9F6-4429-8E36-94DC86CA050B} = {851274D2-DCDD-4C63-8051-F8F1EEDABDFF}
		{E90142C8-2301-4C88-B2EF-E74C1698E715} = {851274D2-DCDD-4C63-8051-F8F1EEDABDFF}
		{BD5BA5AA-5D2D-4F41-A304-1F2E39BAE8CA} = {851274D2-DCDD-4C63-8051-F8F1EEDABDFF}
		{B7F326E3-73BF-42FA-B83B-B3772AFB63E5} = {372D87F1-F8CE-4810-900D-136E46A09A60}
		{A1BCEEFC-912C-4B24-BC92-E37E122E0C43} = {6BA10150-444F-4360-84EA-3FDBE3C21964}
		{F3003906-6CA4-4E99-A809-A40FEADF461D} = {6BA10150-444F-4360-84EA-3FDBE3C21964}
		{AFB0D017-9B67-4101-80A3-AC9D307FB94B} = {6BA10150-444F-4360-84EA-3FDBE3C21964}
		{CB229163-9100-447E-BE74-92008129DB70} = {A1BCEEFC-912C-4B24-BC92-E37E122E0C43}
		{8350D1A9-932E-46AE-ABA1-34EB35B99F9C} = {A1BCEEFC-912C-4B24-BC92-E37E122E0C43}
		{91F0B313-48CB-480E-8B99-A75BB818C460} = {A1BCEEFC-912C-4B24-BC92-E37E122E0C43}
		{15293EF3-01EE-418F-B290-A60DC1056056} = {A1BCEEFC-912C-4B24-BC92-E37E122E0C43}
		{635C3B89-1094-4F5F-99AB-280060E87395} = {F3003906-6CA4-4E99-A809-A40FEADF461D}
		{4576342F-75DA-4740-8571-CA2A7DD38179} = {635C3B89-1094-4F5F-99AB-280060E87395}
		{CF9E4862-7178-490A-9BC9-9F5D4E5BAF23} = {635C3B89-1094-4F5F-99AB-280060E87395}
		{FF3F0455-6067-4E30-91E2-52552BD1F353} = {AFB0D017-9B67-4101-80A3-AC9D307FB94B}
	EndGlobalSection
	GlobalSection(ExtensibilityGlobals) = postSolution
		SolutionGuid = {6DD270A4-BE93-4DAC-9EC1-EA4E50C75233}
	EndGlobalSection
EndGlobal
