
Microsoft Visual Studio Solution File, Format Version 12.00
# Visual Studio Version 17
VisualStudioVersion = 17.8.34330.188
MinimumVisualStudioVersion = 10.0.40219.1
Project("{FAE04EC0-301F-11D3-BF4B-00C04F79EFBC}") = "01.PortAndAdapterSamples.Domain", "01.PortAndAdapterSamples.Domain\01.PortAndAdapterSamples.Domain.csproj", "{3E7DAFB8-B02E-45A3-B9C3-97FF4230A0B0}"
EndProject
Project("{FAE04EC0-301F-11D3-BF4B-00C04F79EFBC}") = "02.PortAndAdapterSamples.ApplicaitonServices", "02.PortAndAdapterSamples.ApplicaitonServices\02.PortAndAdapterSamples.ApplicaitonServices.csproj", "{B93BBB17-8B7D-4DAE-BE69-5989E42D2B2E}"
EndProject
Project("{FAE04EC0-301F-11D3-BF4B-00C04F79EFBC}") = "03.PortAndAdapterSamples.DAL", "03.PortAndAdapterSamples.DAL\03.PortAndAdapterSamples.DAL.csproj", "{D7D60A90-5FB2-440F-9F82-83FDF6DAB551}"
EndProject
Project("{FAE04EC0-301F-11D3-BF4B-00C04F79EFBC}") = "04.PortAndAdapterSamples.API", "04.PortAndAdapterSamples.API\04.PortAndAdapterSamples.API.csproj", "{DB2E8E18-3FC4-4186-A473-BCCBAF54641C}"
EndProject
Global
	GlobalSection(SolutionConfigurationPlatforms) = preSolution
		Debug|Any CPU = Debug|Any CPU
		Release|Any CPU = Release|Any CPU
	EndGlobalSection
	GlobalSection(ProjectConfigurationPlatforms) = postSolution
		{3E7DAFB8-B02E-45A3-B9C3-97FF4230A0B0}.Debug|Any CPU.ActiveCfg = Debug|Any CPU
		{3E7DAFB8-B02E-45A3-B9C3-97FF4230A0B0}.Debug|Any CPU.Build.0 = Debug|Any CPU
		{3E7DAFB8-B02E-45A3-B9C3-97FF4230A0B0}.Release|Any CPU.ActiveCfg = Release|Any CPU
		{3E7DAFB8-B02E-45A3-B9C3-97FF4230A0B0}.Release|Any CPU.Build.0 = Release|Any CPU
		{B93BBB17-8B7D-4DAE-BE69-5989E42D2B2E}.Debug|Any CPU.ActiveCfg = Debug|Any CPU
		{B93BBB17-8B7D-4DAE-BE69-5989E42D2B2E}.Debug|Any CPU.Build.0 = Debug|Any CPU
		{B93BBB17-8B7D-4DAE-BE69-5989E42D2B2E}.Release|Any CPU.ActiveCfg = Release|Any CPU
		{B93BBB17-8B7D-4DAE-BE69-5989E42D2B2E}.Release|Any CPU.Build.0 = Release|Any CPU
		{D7D60A90-5FB2-440F-9F82-83FDF6DAB551}.Debug|Any CPU.ActiveCfg = Debug|Any CPU
		{D7D60A90-5FB2-440F-9F82-83FDF6DAB551}.Debug|Any CPU.Build.0 = Debug|Any CPU
		{D7D60A90-5FB2-440F-9F82-83FDF6DAB551}.Release|Any CPU.ActiveCfg = Release|Any CPU
		{D7D60A90-5FB2-440F-9F82-83FDF6DAB551}.Release|Any CPU.Build.0 = Release|Any CPU
		{DB2E8E18-3FC4-4186-A473-BCCBAF54641C}.Debug|Any CPU.ActiveCfg = Debug|Any CPU
		{DB2E8E18-3FC4-4186-A473-BCCBAF54641C}.Debug|Any CPU.Build.0 = Debug|Any CPU
		{DB2E8E18-3FC4-4186-A473-BCCBAF54641C}.Release|Any CPU.ActiveCfg = Release|Any CPU
		{DB2E8E18-3FC4-4186-A473-BCCBAF54641C}.Release|Any CPU.Build.0 = Release|Any CPU
	EndGlobalSection
	GlobalSection(SolutionProperties) = preSolution
		HideSolutionNode = FALSE
	EndGlobalSection
	GlobalSection(ExtensibilityGlobals) = postSolution
		SolutionGuid = {D9F458E4-F14D-456F-A2B4-44F58078784A}
	EndGlobalSection
EndGlobal
